// !$*UTF8*$!
{
	archiveVersion = 1;
	classes = {
	};
	objectVersion = 55;
	objects = {

/* Begin PBXBuildFile section */
		8B5E299A276F0140003C3620 /* PruebaBankEmilioMarquesApp.swift in Sources */ = {isa = PBXBuildFile; fileRef = 8B5E2999276F0140003C3620 /* PruebaBankEmilioMarquesApp.swift */; };
		8B5E299E276F0141003C3620 /* Assets.xcassets in Resources */ = {isa = PBXBuildFile; fileRef = 8B5E299D276F0141003C3620 /* Assets.xcassets */; };
		8B5E29A1276F0141003C3620 /* Preview Assets.xcassets in Resources */ = {isa = PBXBuildFile; fileRef = 8B5E29A0276F0141003C3620 /* Preview Assets.xcassets */; };
		8B5E29A3276F0141003C3620 /* Persistence.swift in Sources */ = {isa = PBXBuildFile; fileRef = 8B5E29A2276F0141003C3620 /* Persistence.swift */; };
		8B5E29A6276F0141003C3620 /* PruebaBankEmilioMarques.xcdatamodeld in Sources */ = {isa = PBXBuildFile; fileRef = 8B5E29A4276F0141003C3620 /* PruebaBankEmilioMarques.xcdatamodeld */; };
		8B5E29B0276F0141003C3620 /* PruebaBankEmilioMarquesTests.swift in Sources */ = {isa = PBXBuildFile; fileRef = 8B5E29AF276F0141003C3620 /* PruebaBankEmilioMarquesTests.swift */; };
		8B5E29BA276F0141003C3620 /* PruebaBankEmilioMarquesUITests.swift in Sources */ = {isa = PBXBuildFile; fileRef = 8B5E29B9276F0141003C3620 /* PruebaBankEmilioMarquesUITests.swift */; };
		8B5E29BC276F0141003C3620 /* PruebaBankEmilioMarquesUITestsLaunchTests.swift in Sources */ = {isa = PBXBuildFile; fileRef = 8B5E29BB276F0141003C3620 /* PruebaBankEmilioMarquesUITestsLaunchTests.swift */; };
		8B5E29C9276F02CF003C3620 /* datosModel.swift in Sources */ = {isa = PBXBuildFile; fileRef = 8B5E29C8276F02CF003C3620 /* datosModel.swift */; };
		8B5E29CD276F038D003C3620 /* DatosViewModel.swift in Sources */ = {isa = PBXBuildFile; fileRef = 8B5E29CC276F038D003C3620 /* DatosViewModel.swift */; };
		8B5E29D1276F0A96003C3620 /* ContentView.swift in Sources */ = {isa = PBXBuildFile; fileRef = 8B5E29D0276F0A96003C3620 /* ContentView.swift */; };
		8B5E29D4276F21A1003C3620 /* transactions.json in Resources */ = {isa = PBXBuildFile; fileRef = 8B5E29D3276F21A1003C3620 /* transactions.json */; };
/* End PBXBuildFile section */

/* Begin PBXContainerItemProxy section */
		8B5E29AC276F0141003C3620 /* PBXContainerItemProxy */ = {
			isa = PBXContainerItemProxy;
			containerPortal = 8B5E298E276F0140003C3620 /* Project object */;
			proxyType = 1;
			remoteGlobalIDString = 8B5E2995276F0140003C3620;
			remoteInfo = PruebaBankEmilioMarques;
		};
		8B5E29B6276F0141003C3620 /* PBXContainerItemProxy */ = {
			isa = PBXContainerItemProxy;
			containerPortal = 8B5E298E276F0140003C3620 /* Project object */;
			proxyType = 1;
			remoteGlobalIDString = 8B5E2995276F0140003C3620;
			remoteInfo = PruebaBankEmilioMarques;
		};
/* End PBXContainerItemProxy section */

/* Begin PBXFileReference section */
		8B5E2996276F0140003C3620 /* PruebaBankEmilioMarques.app */ = {isa = PBXFileReference; explicitFileType = wrapper.application; includeInIndex = 0; path = PruebaBankEmilioMarques.app; sourceTree = BUILT_PRODUCTS_DIR; };
		8B5E2999276F0140003C3620 /* PruebaBankEmilioMarquesApp.swift */ = {isa = PBXFileReference; lastKnownFileType = sourcecode.swift; path = PruebaBankEmilioMarquesApp.swift; sourceTree = "<group>"; };
		8B5E299D276F0141003C3620 /* Assets.xcassets */ = {isa = PBXFileReference; lastKnownFileType = folder.assetcatalog; path = Assets.xcassets; sourceTree = "<group>"; };
		8B5E29A0276F0141003C3620 /* Preview Assets.xcassets */ = {isa = PBXFileReference; lastKnownFileType = folder.assetcatalog; path = "Preview Assets.xcassets"; sourceTree = "<group>"; };
		8B5E29A2276F0141003C3620 /* Persistence.swift */ = {isa = PBXFileReference; lastKnownFileType = sourcecode.swift; path = Persistence.swift; sourceTree = "<group>"; };
		8B5E29A5276F0141003C3620 /* PruebaBankEmilioMarques.xcdatamodel */ = {isa = PBXFileReference; lastKnownFileType = wrapper.xcdatamodel; path = PruebaBankEmilioMarques.xcdatamodel; sourceTree = "<group>"; };
		8B5E29AB276F0141003C3620 /* PruebaBankEmilioMarquesTests.xctest */ = {isa = PBXFileReference; explicitFileType = wrapper.cfbundle; includeInIndex = 0; path = PruebaBankEmilioMarquesTests.xctest; sourceTree = BUILT_PRODUCTS_DIR; };
		8B5E29AF276F0141003C3620 /* PruebaBankEmilioMarquesTests.swift */ = {isa = PBXFileReference; lastKnownFileType = sourcecode.swift; path = PruebaBankEmilioMarquesTests.swift; sourceTree = "<group>"; };
		8B5E29B5276F0141003C3620 /* PruebaBankEmilioMarquesUITests.xctest */ = {isa = PBXFileReference; explicitFileType = wrapper.cfbundle; includeInIndex = 0; path = PruebaBankEmilioMarquesUITests.xctest; sourceTree = BUILT_PRODUCTS_DIR; };
		8B5E29B9276F0141003C3620 /* PruebaBankEmilioMarquesUITests.swift */ = {isa = PBXFileReference; lastKnownFileType = sourcecode.swift; path = PruebaBankEmilioMarquesUITests.swift; sourceTree = "<group>"; };
		8B5E29BB276F0141003C3620 /* PruebaBankEmilioMarquesUITestsLaunchTests.swift */ = {isa = PBXFileReference; lastKnownFileType = sourcecode.swift; path = PruebaBankEmilioMarquesUITestsLaunchTests.swift; sourceTree = "<group>"; };
		8B5E29C8276F02CF003C3620 /* datosModel.swift */ = {isa = PBXFileReference; lastKnownFileType = sourcecode.swift; path = datosModel.swift; sourceTree = "<group>"; };
		8B5E29CC276F038D003C3620 /* DatosViewModel.swift */ = {isa = PBXFileReference; lastKnownFileType = sourcecode.swift; path = DatosViewModel.swift; sourceTree = "<group>"; };
		8B5E29D0276F0A96003C3620 /* ContentView.swift */ = {isa = PBXFileReference; lastKnownFileType = sourcecode.swift; path = ContentView.swift; sourceTree = "<group>"; };
		8B5E29D3276F21A1003C3620 /* transactions.json */ = {isa = PBXFileReference; fileEncoding = 4; lastKnownFileType = text.json; path = transactions.json; sourceTree = "<group>"; };
/* End PBXFileReference section */

/* Begin PBXFrameworksBuildPhase section */
		8B5E2993276F0140003C3620 /* Frameworks */ = {
			isa = PBXFrameworksBuildPhase;
			buildActionMask = 2147483647;
			files = (
			);
			runOnlyForDeploymentPostprocessing = 0;
		};
		8B5E29A8276F0141003C3620 /* Frameworks */ = {
			isa = PBXFrameworksBuildPhase;
			buildActionMask = 2147483647;
			files = (
			);
			runOnlyForDeploymentPostprocessing = 0;
		};
		8B5E29B2276F0141003C3620 /* Frameworks */ = {
			isa = PBXFrameworksBuildPhase;
			buildActionMask = 2147483647;
			files = (
			);
			runOnlyForDeploymentPostprocessing = 0;
		};
/* End PBXFrameworksBuildPhase section */

/* Begin PBXGroup section */
		8B5E298D276F0140003C3620 = {
			isa = PBXGroup;
			children = (
				8B5E2998276F0140003C3620 /* PruebaBankEmilioMarques */,
				8B5E29AE276F0141003C3620 /* PruebaBankEmilioMarquesTests */,
				8B5E29B8276F0141003C3620 /* PruebaBankEmilioMarquesUITests */,
				8B5E2997276F0140003C3620 /* Products */,
			);
			sourceTree = "<group>";
		};
		8B5E2997276F0140003C3620 /* Products */ = {
			isa = PBXGroup;
			children = (
				8B5E2996276F0140003C3620 /* PruebaBankEmilioMarques.app */,
				8B5E29AB276F0141003C3620 /* PruebaBankEmilioMarquesTests.xctest */,
				8B5E29B5276F0141003C3620 /* PruebaBankEmilioMarquesUITests.xctest */,
			);
			name = Products;
			sourceTree = "<group>";
		};
		8B5E2998276F0140003C3620 /* PruebaBankEmilioMarques */ = {
			isa = PBXGroup;
			children = (
				8B5E29D2276F2192003C3620 /* Transation */,
				8B5E29CB276F0371003C3620 /* DatosViewModel */,
				8B5E29CA276F0364003C3620 /* DatosModel */,
				8B5E2999276F0140003C3620 /* PruebaBankEmilioMarquesApp.swift */,
				8B5E29D0276F0A96003C3620 /* ContentView.swift */,
				8B5E299D276F0141003C3620 /* Assets.xcassets */,
				8B5E29A2276F0141003C3620 /* Persistence.swift */,
				8B5E29A4276F0141003C3620 /* PruebaBankEmilioMarques.xcdatamodeld */,
				8B5E299F276F0141003C3620 /* Preview Content */,
			);
			path = PruebaBankEmilioMarques;
			sourceTree = "<group>";
		};
		8B5E299F276F0141003C3620 /* Preview Content */ = {
			isa = PBXGroup;
			children = (
				8B5E29A0276F0141003C3620 /* Preview Assets.xcassets */,
			);
			path = "Preview Content";
			sourceTree = "<group>";
		};
		8B5E29AE276F0141003C3620 /* PruebaBankEmilioMarquesTests */ = {
			isa = PBXGroup;
			children = (
				8B5E29AF276F0141003C3620 /* PruebaBankEmilioMarquesTests.swift */,
			);
			path = PruebaBankEmilioMarquesTests;
			sourceTree = "<group>";
		};
		8B5E29B8276F0141003C3620 /* PruebaBankEmilioMarquesUITests */ = {
			isa = PBXGroup;
			children = (
				8B5E29B9276F0141003C3620 /* PruebaBankEmilioMarquesUITests.swift */,
				8B5E29BB276F0141003C3620 /* PruebaBankEmilioMarquesUITestsLaunchTests.swift */,
			);
			path = PruebaBankEmilioMarquesUITests;
			sourceTree = "<group>";
		};
		8B5E29CA276F0364003C3620 /* DatosModel */ = {
			isa = PBXGroup;
			children = (
				8B5E29C8276F02CF003C3620 /* datosModel.swift */,
			);
			path = DatosModel;
			sourceTree = "<group>";
		};
		8B5E29CB276F0371003C3620 /* DatosViewModel */ = {
			isa = PBXGroup;
			children = (
				8B5E29CC276F038D003C3620 /* DatosViewModel.swift */,
			);
			path = DatosViewModel;
			sourceTree = "<group>";
		};
		8B5E29D2276F2192003C3620 /* Transation */ = {
			isa = PBXGroup;
			children = (
				8B5E29D3276F21A1003C3620 /* transactions.json */,
			);
			path = Transation;
			sourceTree = "<group>";
		};
/* End PBXGroup section */

/* Begin PBXNativeTarget section */
		8B5E2995276F0140003C3620 /* PruebaBankEmilioMarques */ = {
			isa = PBXNativeTarget;
			buildConfigurationList = 8B5E29BF276F0141003C3620 /* Build configuration list for PBXNativeTarget "PruebaBankEmilioMarques" */;
			buildPhases = (
				8B5E2992276F0140003C3620 /* Sources */,
				8B5E2993276F0140003C3620 /* Frameworks */,
				8B5E2994276F0140003C3620 /* Resources */,
			);
			buildRules = (
			);
			dependencies = (
			);
			name = PruebaBankEmilioMarques;
			productName = PruebaBankEmilioMarques;
			productReference = 8B5E2996276F0140003C3620 /* PruebaBankEmilioMarques.app */;
			productType = "com.apple.product-type.application";
		};
		8B5E29AA276F0141003C3620 /* PruebaBankEmilioMarquesTests */ = {
			isa = PBXNativeTarget;
			buildConfigurationList = 8B5E29C2276F0141003C3620 /* Build configuration list for PBXNativeTarget "PruebaBankEmilioMarquesTests" */;
			buildPhases = (
				8B5E29A7276F0141003C3620 /* Sources */,
				8B5E29A8276F0141003C3620 /* Frameworks */,
				8B5E29A9276F0141003C3620 /* Resources */,
			);
			buildRules = (
			);
			dependencies = (
				8B5E29AD276F0141003C3620 /* PBXTargetDependency */,
			);
			name = PruebaBankEmilioMarquesTests;
			productName = PruebaBankEmilioMarquesTests;
			productReference = 8B5E29AB276F0141003C3620 /* PruebaBankEmilioMarquesTests.xctest */;
			productType = "com.apple.product-type.bundle.unit-test";
		};
		8B5E29B4276F0141003C3620 /* PruebaBankEmilioMarquesUITests */ = {
			isa = PBXNativeTarget;
			buildConfigurationList = 8B5E29C5276F0141003C3620 /* Build configuration list for PBXNativeTarget "PruebaBankEmilioMarquesUITests" */;
			buildPhases = (
				8B5E29B1276F0141003C3620 /* Sources */,
				8B5E29B2276F0141003C3620 /* Frameworks */,
				8B5E29B3276F0141003C3620 /* Resources */,
			);
			buildRules = (
			);
			dependencies = (
				8B5E29B7276F0141003C3620 /* PBXTargetDependency */,
			);
			name = PruebaBankEmilioMarquesUITests;
			productName = PruebaBankEmilioMarquesUITests;
			productReference = 8B5E29B5276F0141003C3620 /* PruebaBankEmilioMarquesUITests.xctest */;
			productType = "com.apple.product-type.bundle.ui-testing";
		};
/* End PBXNativeTarget section */

/* Begin PBXProject section */
		8B5E298E276F0140003C3620 /* Project object */ = {
			isa = PBXProject;
			attributes = {
				BuildIndependentTargetsInParallel = 1;
				LastSwiftUpdateCheck = 1320;
				LastUpgradeCheck = 1320;
				TargetAttributes = {
					8B5E2995276F0140003C3620 = {
						CreatedOnToolsVersion = 13.2;
					};
					8B5E29AA276F0141003C3620 = {
						CreatedOnToolsVersion = 13.2;
						TestTargetID = 8B5E2995276F0140003C3620;
					};
					8B5E29B4276F0141003C3620 = {
						CreatedOnToolsVersion = 13.2;
						TestTargetID = 8B5E2995276F0140003C3620;
					};
				};
			};
			buildConfigurationList = 8B5E2991276F0140003C3620 /* Build configuration list for PBXProject "PruebaBankEmilioMarques" */;
			compatibilityVersion = "Xcode 13.0";
			developmentRegion = en;
			hasScannedForEncodings = 0;
			knownRegions = (
				en,
				Base,
			);
			mainGroup = 8B5E298D276F0140003C3620;
			productRefGroup = 8B5E2997276F0140003C3620 /* Products */;
			projectDirPath = "";
			projectRoot = "";
			targets = (
				8B5E2995276F0140003C3620 /* PruebaBankEmilioMarques */,
				8B5E29AA276F0141003C3620 /* PruebaBankEmilioMarquesTests */,
				8B5E29B4276F0141003C3620 /* PruebaBankEmilioMarquesUITests */,
			);
		};
/* End PBXProject section */

/* Begin PBXResourcesBuildPhase section */
		8B5E2994276F0140003C3620 /* Resources */ = {
			isa = PBXResourcesBuildPhase;
			buildActionMask = 2147483647;
			files = (
				8B5E29D4276F21A1003C3620 /* transactions.json in Resources */,
				8B5E29A1276F0141003C3620 /* Preview Assets.xcassets in Resources */,
				8B5E299E276F0141003C3620 /* Assets.xcassets in Resources */,
			);
			runOnlyForDeploymentPostprocessing = 0;
		};
		8B5E29A9276F0141003C3620 /* Resources */ = {
			isa = PBXResourcesBuildPhase;
			buildActionMask = 2147483647;
			files = (
			);
			runOnlyForDeploymentPostprocessing = 0;
		};
		8B5E29B3276F0141003C3620 /* Resources */ = {
			isa = PBXResourcesBuildPhase;
			buildActionMask = 2147483647;
			files = (
			);
			runOnlyForDeploymentPostprocessing = 0;
		};
/* End PBXResourcesBuildPhase section */

/* Begin PBXSourcesBuildPhase section */
		8B5E2992276F0140003C3620 /* Sources */ = {
			isa = PBXSourcesBuildPhase;
			buildActionMask = 2147483647;
			files = (
				8B5E29CD276F038D003C3620 /* DatosViewModel.swift in Sources */,
				8B5E29A6276F0141003C3620 /* PruebaBankEmilioMarques.xcdatamodeld in Sources */,
				8B5E29D1276F0A96003C3620 /* ContentView.swift in Sources */,
				8B5E29A3276F0141003C3620 /* Persistence.swift in Sources */,
				8B5E29C9276F02CF003C3620 /* datosModel.swift in Sources */,
				8B5E299A276F0140003C3620 /* PruebaBankEmilioMarquesApp.swift in Sources */,
			);
			runOnlyForDeploymentPostprocessing = 0;
		};
		8B5E29A7276F0141003C3620 /* Sources */ = {
			isa = PBXSourcesBuildPhase;
			buildActionMask = 2147483647;
			files = (
				8B5E29B0276F0141003C3620 /* PruebaBankEmilioMarquesTests.swift in Sources */,
			);
			runOnlyForDeploymentPostprocessing = 0;
		};
		8B5E29B1276F0141003C3620 /* Sources */ = {
			isa = PBXSourcesBuildPhase;
			buildActionMask = 2147483647;
			files = (
				8B5E29BA276F0141003C3620 /* PruebaBankEmilioMarquesUITests.swift in Sources */,
				8B5E29BC276F0141003C3620 /* PruebaBankEmilioMarquesUITestsLaunchTests.swift in Sources */,
			);
			runOnlyForDeploymentPostprocessing = 0;
		};
/* End PBXSourcesBuildPhase section */

/* Begin PBXTargetDependency section */
		8B5E29AD276F0141003C3620 /* PBXTargetDependency */ = {
			isa = PBXTargetDependency;
			target = 8B5E2995276F0140003C3620 /* PruebaBankEmilioMarques */;
			targetProxy = 8B5E29AC276F0141003C3620 /* PBXContainerItemProxy */;
		};
		8B5E29B7276F0141003C3620 /* PBXTargetDependency */ = {
			isa = PBXTargetDependency;
			target = 8B5E2995276F0140003C3620 /* PruebaBankEmilioMarques */;
			targetProxy = 8B5E29B6276F0141003C3620 /* PBXContainerItemProxy */;
		};
/* End PBXTargetDependency section */

/* Begin XCBuildConfiguration section */
		8B5E29BD276F0141003C3620 /* Debug */ = {
			isa = XCBuildConfiguration;
			buildSettings = {
				ALWAYS_SEARCH_USER_PATHS = NO;
				CLANG_ANALYZER_NONNULL = YES;
				CLANG_ANALYZER_NUMBER_OBJECT_CONVERSION = YES_AGGRESSIVE;
				CLANG_CXX_LANGUAGE_STANDARD = "gnu++17";
				CLANG_CXX_LIBRARY = "libc++";
				CLANG_ENABLE_MODULES = YES;
				CLANG_ENABLE_OBJC_ARC = YES;
				CLANG_ENABLE_OBJC_WEAK = YES;
				CLANG_WARN_BLOCK_CAPTURE_AUTORELEASING = YES;
				CLANG_WARN_BOOL_CONVERSION = YES;
				CLANG_WARN_COMMA = YES;
				CLANG_WARN_CONSTANT_CONVERSION = YES;
				CLANG_WARN_DEPRECATED_OBJC_IMPLEMENTATIONS = YES;
				CLANG_WARN_DIRECT_OBJC_ISA_USAGE = YES_ERROR;
				CLANG_WARN_DOCUMENTATION_COMMENTS = YES;
				CLANG_WARN_EMPTY_BODY = YES;
				CLANG_WARN_ENUM_CONVERSION = YES;
				CLANG_WARN_INFINITE_RECURSION = YES;
				CLANG_WARN_INT_CONVERSION = YES;
				CLANG_WARN_NON_LITERAL_NULL_CONVERSION = YES;
				CLANG_WARN_OBJC_IMPLICIT_RETAIN_SELF = YES;
				CLANG_WARN_OBJC_LITERAL_CONVERSION = YES;
				CLANG_WARN_OBJC_ROOT_CLASS = YES_ERROR;
				CLANG_WARN_QUOTED_INCLUDE_IN_FRAMEWORK_HEADER = YES;
				CLANG_WARN_RANGE_LOOP_ANALYSIS = YES;
				CLANG_WARN_STRICT_PROTOTYPES = YES;
				CLANG_WARN_SUSPICIOUS_MOVE = YES;
				CLANG_WARN_UNGUARDED_AVAILABILITY = YES_AGGRESSIVE;
				CLANG_WARN_UNREACHABLE_CODE = YES;
				CLANG_WARN__DUPLICATE_METHOD_MATCH = YES;
				COPY_PHASE_STRIP = NO;
				DEBUG_INFORMATION_FORMAT = dwarf;
				ENABLE_STRICT_OBJC_MSGSEND = YES;
				ENABLE_TESTABILITY = YES;
				GCC_C_LANGUAGE_STANDARD = gnu11;
				GCC_DYNAMIC_NO_PIC = NO;
				GCC_NO_COMMON_BLOCKS = YES;
				GCC_OPTIMIZATION_LEVEL = 0;
				GCC_PREPROCESSOR_DEFINITIONS = (
					"DEBUG=1",
					"$(inherited)",
				);
				GCC_WARN_64_TO_32_BIT_CONVERSION = YES;
				GCC_WARN_ABOUT_RETURN_TYPE = YES_ERROR;
				GCC_WARN_UNDECLARED_SELECTOR = YES;
				GCC_WARN_UNINITIALIZED_AUTOS = YES_AGGRESSIVE;
				GCC_WARN_UNUSED_FUNCTION = YES;
				GCC_WARN_UNUSED_VARIABLE = YES;
				IPHONEOS_DEPLOYMENT_TARGET = 15.2;
				MTL_ENABLE_DEBUG_INFO = INCLUDE_SOURCE;
				MTL_FAST_MATH = YES;
				ONLY_ACTIVE_ARCH = YES;
				SDKROOT = iphoneos;
				SWIFT_ACTIVE_COMPILATION_CONDITIONS = DEBUG;
				SWIFT_OPTIMIZATION_LEVEL = "-Onone";
			};
			name = Debug;
		};
		8B5E29BE276F0141003C3620 /* Release */ = {
			isa = XCBuildConfiguration;
			buildSettings = {
				ALWAYS_SEARCH_USER_PATHS = NO;
				CLANG_ANALYZER_NONNULL = YES;
				CLANG_ANALYZER_NUMBER_OBJECT_CONVERSION = YES_AGGRESSIVE;
				CLANG_CXX_LANGUAGE_STANDARD = "gnu++17";
				CLANG_CXX_LIBRARY = "libc++";
				CLANG_ENABLE_MODULES = YES;
				CLANG_ENABLE_OBJC_ARC = YES;
				CLANG_ENABLE_OBJC_WEAK = YES;
				CLANG_WARN_BLOCK_CAPTURE_AUTORELEASING = YES;
				CLANG_WARN_BOOL_CONVERSION = YES;
				CLANG_WARN_COMMA = YES;
				CLANG_WARN_CONSTANT_CONVERSION = YES;
				CLANG_WARN_DEPRECATED_OBJC_IMPLEMENTATIONS = YES;
				CLANG_WARN_DIRECT_OBJC_ISA_USAGE = YES_ERROR;
				CLANG_WARN_DOCUMENTATION_COMMENTS = YES;
				CLANG_WARN_EMPTY_BODY = YES;
				CLANG_WARN_ENUM_CONVERSION = YES;
				CLANG_WARN_INFINITE_RECURSION = YES;
				CLANG_WARN_INT_CONVERSION = YES;
				CLANG_WARN_NON_LITERAL_NULL_CONVERSION = YES;
				CLANG_WARN_OBJC_IMPLICIT_RETAIN_SELF = YES;
				CLANG_WARN_OBJC_LITERAL_CONVERSION = YES;
				CLANG_WARN_OBJC_ROOT_CLASS = YES_ERROR;
				CLANG_WARN_QUOTED_INCLUDE_IN_FRAMEWORK_HEADER = YES;
				CLANG_WARN_RANGE_LOOP_ANALYSIS = YES;
				CLANG_WARN_STRICT_PROTOTYPES = YES;
				CLANG_WARN_SUSPICIOUS_MOVE = YES;
				CLANG_WARN_UNGUARDED_AVAILABILITY = YES_AGGRESSIVE;
				CLANG_WARN_UNREACHABLE_CODE = YES;
				CLANG_WARN__DUPLICATE_METHOD_MATCH = YES;
				COPY_PHASE_STRIP = NO;
				DEBUG_INFORMATION_FORMAT = "dwarf-with-dsym";
				ENABLE_NS_ASSERTIONS = NO;
				ENABLE_STRICT_OBJC_MSGSEND = YES;
				GCC_C_LANGUAGE_STANDARD = gnu11;
				GCC_NO_COMMON_BLOCKS = YES;
				GCC_WARN_64_TO_32_BIT_CONVERSION = YES;
				GCC_WARN_ABOUT_RETURN_TYPE = YES_ERROR;
				GCC_WARN_UNDECLARED_SELECTOR = YES;
				GCC_WARN_UNINITIALIZED_AUTOS = YES_AGGRESSIVE;
				GCC_WARN_UNUSED_FUNCTION = YES;
				GCC_WARN_UNUSED_VARIABLE = YES;
				IPHONEOS_DEPLOYMENT_TARGET = 15.2;
				MTL_ENABLE_DEBUG_INFO = NO;
				MTL_FAST_MATH = YES;
				SDKROOT = iphoneos;
				SWIFT_COMPILATION_MODE = wholemodule;
				SWIFT_OPTIMIZATION_LEVEL = "-O";
				VALIDATE_PRODUCT = YES;
			};
			name = Release;
		};
		8B5E29C0276F0141003C3620 /* Debug */ = {
			isa = XCBuildConfiguration;
			buildSettings = {
				ASSETCATALOG_COMPILER_APPICON_NAME = AppIcon;
				ASSETCATALOG_COMPILER_GLOBAL_ACCENT_COLOR_NAME = AccentColor;
				CODE_SIGN_STYLE = Automatic;
				CURRENT_PROJECT_VERSION = 1;
				DEVELOPMENT_ASSET_PATHS = "\"PruebaBankEmilioMarques/Preview Content\"";
				DEVELOPMENT_TEAM = 63D3VC7F3D;
				ENABLE_PREVIEWS = YES;
				GENERATE_INFOPLIST_FILE = YES;
				INFOPLIST_KEY_UIApplicationSceneManifest_Generation = YES;
				INFOPLIST_KEY_UIApplicationSupportsIndirectInputEvents = YES;
				INFOPLIST_KEY_UILaunchScreen_Generation = YES;
				INFOPLIST_KEY_UISupportedInterfaceOrientations_iPad = "UIInterfaceOrientationPortrait UIInterfaceOrientationPortraitUpsideDown UIInterfaceOrientationLandscapeLeft UIInterfaceOrientationLandscapeRight";
				INFOPLIST_KEY_UISupportedInterfaceOrientations_iPhone = "UIInterfaceOrientationPortrait UIInterfaceOrientationLandscapeLeft UIInterfaceOrientationLandscapeRight";
				LD_RUNPATH_SEARCH_PATHS = (
					"$(inherited)",
					"@executable_path/Frameworks",
				);
				MARKETING_VERSION = 1.0;
				PRODUCT_BUNDLE_IDENTIFIER = es.appdevelopment.PruebaBankEmilioMarques;
				PRODUCT_NAME = "$(TARGET_NAME)";
				SWIFT_EMIT_LOC_STRINGS = YES;
				SWIFT_VERSION = 5.0;
				TARGETED_DEVICE_FAMILY = "1,2";
			};
			name = Debug;
		};
		8B5E29C1276F0141003C3620 /* Release */ = {
			isa = XCBuildConfiguration;
			buildSettings = {
				ASSETCATALOG_COMPILER_APPICON_NAME = AppIcon;
				ASSETCATALOG_COMPILER_GLOBAL_ACCENT_COLOR_NAME = AccentColor;
				CODE_SIGN_STYLE = Automatic;
				CURRENT_PROJECT_VERSION = 1;
				DEVELOPMENT_ASSET_PATHS = "\"PruebaBankEmilioMarques/Preview Content\"";
				DEVELOPMENT_TEAM = 63D3VC7F3D;
				ENABLE_PREVIEWS = YES;
				GENERATE_INFOPLIST_FILE = YES;
				INFOPLIST_KEY_UIApplicationSceneManifest_Generation = YES;
				INFOPLIST_KEY_UIApplicationSupportsIndirectInputEvents = YES;
				INFOPLIST_KEY_UILaunchScreen_Generation = YES;
				INFOPLIST_KEY_UISupportedInterfaceOrientations_iPad = "UIInterfaceOrientationPortrait UIInterfaceOrientationPortraitUpsideDown UIInterfaceOrientationLandscapeLeft UIInterfaceOrientationLandscapeRight";
				INFOPLIST_KEY_UISupportedInterfaceOrientations_iPhone = "UIInterfaceOrientationPortrait UIInterfaceOrientationLandscapeLeft UIInterfaceOrientationLandscapeRight";
				LD_RUNPATH_SEARCH_PATHS = (
					"$(inherited)",
					"@executable_path/Frameworks",
				);
				MARKETING_VERSION = 1.0;
				PRODUCT_BUNDLE_IDENTIFIER = es.appdevelopment.PruebaBankEmilioMarques;
				PRODUCT_NAME = "$(TARGET_NAME)";
				SWIFT_EMIT_LOC_STRINGS = YES;
				SWIFT_VERSION = 5.0;
				TARGETED_DEVICE_FAMILY = "1,2";
			};
			name = Release;
		};
		8B5E29C3276F0141003C3620 /* Debug */ = {
			isa = XCBuildConfiguration;
			buildSettings = {
				ALWAYS_EMBED_SWIFT_STANDARD_LIBRARIES = YES;
				BUNDLE_LOADER = "$(TEST_HOST)";
				CODE_SIGN_STYLE = Automatic;
				CURRENT_PROJECT_VERSION = 1;
				DEVELOPMENT_TEAM = 63D3VC7F3D;
				GENERATE_INFOPLIST_FILE = YES;
				IPHONEOS_DEPLOYMENT_TARGET = 15.2;
				MARKETING_VERSION = 1.0;
				PRODUCT_BUNDLE_IDENTIFIER = es.appdevelopment.PruebaBankEmilioMarquesTests;
				PRODUCT_NAME = "$(TARGET_NAME)";
				SWIFT_EMIT_LOC_STRINGS = NO;
				SWIFT_VERSION = 5.0;
				TARGETED_DEVICE_FAMILY = "1,2";
				TEST_HOST = "$(BUILT_PRODUCTS_DIR)/PruebaBankEmilioMarques.app/PruebaBankEmilioMarques";
			};
			name = Debug;
		};
		8B5E29C4276F0141003C3620 /* Release */ = {
			isa = XCBuildConfiguration;
			buildSettings = {
				ALWAYS_EMBED_SWIFT_STANDARD_LIBRARIES = YES;
				BUNDLE_LOADER = "$(TEST_HOST)";
				CODE_SIGN_STYLE = Automatic;
				CURRENT_PROJECT_VERSION = 1;
				DEVELOPMENT_TEAM = 63D3VC7F3D;
				GENERATE_INFOPLIST_FILE = YES;
				IPHONEOS_DEPLOYMENT_TARGET = 15.2;
				MARKETING_VERSION = 1.0;
				PRODUCT_BUNDLE_IDENTIFIER = es.appdevelopment.PruebaBankEmilioMarquesTests;
				PRODUCT_NAME = "$(TARGET_NAME)";
				SWIFT_EMIT_LOC_STRINGS = NO;
				SWIFT_VERSION = 5.0;
				TARGETED_DEVICE_FAMILY = "1,2";
				TEST_HOST = "$(BUILT_PRODUCTS_DIR)/PruebaBankEmilioMarques.app/PruebaBankEmilioMarques";
			};
			name = Release;
		};
		8B5E29C6276F0141003C3620 /* Debug */ = {
			isa = XCBuildConfiguration;
			buildSettings = {
				ALWAYS_EMBED_SWIFT_STANDARD_LIBRARIES = YES;
				CODE_SIGN_STYLE = Automatic;
				CURRENT_PROJECT_VERSION = 1;
				DEVELOPMENT_TEAM = 63D3VC7F3D;
				GENERATE_INFOPLIST_FILE = YES;
				MARKETING_VERSION = 1.0;
				PRODUCT_BUNDLE_IDENTIFIER = es.appdevelopment.PruebaBankEmilioMarquesUITests;
				PRODUCT_NAME = "$(TARGET_NAME)";
				SWIFT_EMIT_LOC_STRINGS = NO;
				SWIFT_VERSION = 5.0;
				TARGETED_DEVICE_FAMILY = "1,2";
				TEST_TARGET_NAME = PruebaBankEmilioMarques;
			};
			name = Debug;
		};
		8B5E29C7276F0141003C3620 /* Release */ = {
			isa = XCBuildConfiguration;
			buildSettings = {
				ALWAYS_EMBED_SWIFT_STANDARD_LIBRARIES = YES;
				CODE_SIGN_STYLE = Automatic;
				CURRENT_PROJECT_VERSION = 1;
				DEVELOPMENT_TEAM = 63D3VC7F3D;
				GENERATE_INFOPLIST_FILE = YES;
				MARKETING_VERSION = 1.0;
				PRODUCT_BUNDLE_IDENTIFIER = es.appdevelopment.PruebaBankEmilioMarquesUITests;
				PRODUCT_NAME = "$(TARGET_NAME)";
				SWIFT_EMIT_LOC_STRINGS = NO;
				SWIFT_VERSION = 5.0;
				TARGETED_DEVICE_FAMILY = "1,2";
				TEST_TARGET_NAME = PruebaBankEmilioMarques;
			};
			name = Release;
		};
/* End XCBuildConfiguration section */

/* Begin XCConfigurationList section */
		8B5E2991276F0140003C3620 /* Build configuration list for PBXProject "PruebaBankEmilioMarques" */ = {
			isa = XCConfigurationList;
			buildConfigurations = (
				8B5E29BD276F0141003C3620 /* Debug */,
				8B5E29BE276F0141003C3620 /* Release */,
			);
			defaultConfigurationIsVisible = 0;
			defaultConfigurationName = Release;
		};
		8B5E29BF276F0141003C3620 /* Build configuration list for PBXNativeTarget "PruebaBankEmilioMarques" */ = {
			isa = XCConfigurationList;
			buildConfigurations = (
				8B5E29C0276F0141003C3620 /* Debug */,
				8B5E29C1276F0141003C3620 /* Release */,
			);
			defaultConfigurationIsVisible = 0;
			defaultConfigurationName = Release;
		};
		8B5E29C2276F0141003C3620 /* Build configuration list for PBXNativeTarget "PruebaBankEmilioMarquesTests" */ = {
			isa = XCConfigurationList;
			buildConfigurations = (
				8B5E29C3276F0141003C3620 /* Debug */,
				8B5E29C4276F0141003C3620 /* Release */,
			);
			defaultConfigurationIsVisible = 0;
			defaultConfigurationName = Release;
		};
		8B5E29C5276F0141003C3620 /* Build configuration list for PBXNativeTarget "PruebaBankEmilioMarquesUITests" */ = {
			isa = XCConfigurationList;
			buildConfigurations = (
				8B5E29C6276F0141003C3620 /* Debug */,
				8B5E29C7276F0141003C3620 /* Release */,
			);
			defaultConfigurationIsVisible = 0;
			defaultConfigurationName = Release;
		};
/* End XCConfigurationList section */

/* Begin XCVersionGroup section */
		8B5E29A4276F0141003C3620 /* PruebaBankEmilioMarques.xcdatamodeld */ = {
			isa = XCVersionGroup;
			children = (
				8B5E29A5276F0141003C3620 /* PruebaBankEmilioMarques.xcdatamodel */,
			);
			currentVersion = 8B5E29A5276F0141003C3620 /* PruebaBankEmilioMarques.xcdatamodel */;
			path = PruebaBankEmilioMarques.xcdatamodeld;
			sourceTree = "<group>";
			versionGroupType = wrapper.xcdatamodel;
		};
/* End XCVersionGroup section */
	};
	rootObject = 8B5E298E276F0140003C3620 /* Project object */;
}
